
Microsoft Visual Studio Solution File, Format Version 12.00
# Visual Studio 15
VisualStudioVersion = 15.0.27703.2035
MinimumVisualStudioVersion = 10.0.40219.1
Project("{FAE04EC0-301F-11D3-BF4B-00C04F79EFBC}") = "Server", "Server\Server.csproj", "{2E014BA7-ED79-4404-BF0F-D9E63FB5904F}"
EndProject
Project("{FAE04EC0-301F-11D3-BF4B-00C04F79EFBC}") = "Client", "Client\Client.csproj", "{878A03C1-02A5-4B17-BD5C-D3C442587083}"
EndProject
Project("{FAE04EC0-301F-11D3-BF4B-00C04F79EFBC}") = "ServerWin", "ServerWin\ServerWin.csproj", "{D1DD9FDD-D765-4AD0-8625-C3BACE32536F}"
EndProject
Project("{FAE04EC0-301F-11D3-BF4B-00C04F79EFBC}") = "ClientWin", "ClientWin\ClientWin.csproj", "{41898E9E-7E1B-45F6-B0D2-42FFF58A377C}"
EndProject
Global
	GlobalSection(SolutionConfigurationPlatforms) = preSolution
		Debug|Any CPU = Debug|Any CPU
		Release|Any CPU = Release|Any CPU
	EndGlobalSection
	GlobalSection(ProjectConfigurationPlatforms) = postSolution
		{2E014BA7-ED79-4404-BF0F-D9E63FB5904F}.Debug|Any CPU.ActiveCfg = Debug|Any CPU
		{2E014BA7-ED79-4404-BF0F-D9E63FB5904F}.Debug|Any CPU.Build.0 = Debug|Any CPU
		{2E014BA7-ED79-4404-BF0F-D9E63FB5904F}.Release|Any CPU.ActiveCfg = Release|Any CPU
		{2E014BA7-ED79-4404-BF0F-D9E63FB5904F}.Release|Any CPU.Build.0 = Release|Any CPU
		{878A03C1-02A5-4B17-BD5C-D3C442587083}.Debug|Any CPU.ActiveCfg = Debug|Any CPU
		{878A03C1-02A5-4B17-BD5C-D3C442587083}.Debug|Any CPU.Build.0 = Debug|Any CPU
		{878A03C1-02A5-4B17-BD5C-D3C442587083}.Release|Any CPU.ActiveCfg = Release|Any CPU
		{878A03C1-02A5-4B17-BD5C-D3C442587083}.Release|Any CPU.Build.0 = Release|Any CPU
		{D1DD9FDD-D765-4AD0-8625-C3BACE32536F}.Debug|Any CPU.ActiveCfg = Debug|Any CPU
		{D1DD9FDD-D765-4AD0-8625-C3BACE32536F}.Debug|Any CPU.Build.0 = Debug|Any CPU
		{D1DD9FDD-D765-4AD0-8625-C3BACE32536F}.Release|Any CPU.ActiveCfg = Release|Any CPU
		{D1DD9FDD-D765-4AD0-8625-C3BACE32536F}.Release|Any CPU.Build.0 = Release|Any CPU
		{41898E9E-7E1B-45F6-B0D2-42FFF58A377C}.Debug|Any CPU.ActiveCfg = Debug|Any CPU
		{41898E9E-7E1B-45F6-B0D2-42FFF58A377C}.Debug|Any CPU.Build.0 = Debug|Any CPU
		{41898E9E-7E1B-45F6-B0D2-42FFF58A377C}.Release|Any CPU.ActiveCfg = Release|Any CPU
		{41898E9E-7E1B-45F6-B0D2-42FFF58A377C}.Release|Any CPU.Build.0 = Release|Any CPU
	EndGlobalSection
	GlobalSection(SolutionProperties) = preSolution
		HideSolutionNode = FALSE
	EndGlobalSection
	GlobalSection(ExtensibilityGlobals) = postSolution
		SolutionGuid = {E548FBBC-3ED8-4125-AB39-35F1D6F21D6F}
	EndGlobalSection
EndGlobal
