
Microsoft Visual Studio Solution File, Format Version 12.00
# Visual Studio Version 16
VisualStudioVersion = 16.0.28803.156
MinimumVisualStudioVersion = 10.0.40219.1
Project("{9A19103F-16F7-4668-BE54-9A1E7A4F7556}") = "StandartLibrary1", "StandartLibrary1\StandartLibrary1.csproj", "{534BE295-8150-4BA6-8BA8-A5334746DEBE}"
EndProject
Project("{FAE04EC0-301F-11D3-BF4B-00C04F79EFBC}") = "ClassLibraryFramework", "ClassLibraryFramework\ClassLibraryFramework.csproj", "{B0036F3D-5FA7-40BA-B08F-55B423909D94}"
EndProject
Project("{FAE04EC0-301F-11D3-BF4B-00C04F79EFBC}") = "ConsoleAppFramework1", "ConsoleAppFramework1\ConsoleAppFramework1.csproj", "{E285EA6E-BD59-4050-AC77-5FA3909C54C1}"
EndProject
Project("{FAE04EC0-301F-11D3-BF4B-00C04F79EFBC}") = "ConsoleCore", "ConsoleCore\ConsoleCore.csproj", "{D7B9A2F7-A6BA-46A9-99C8-5C9DEEDE21DF}"
EndProject
Global
	GlobalSection(SolutionConfigurationPlatforms) = preSolution
		Debug|Any CPU = Debug|Any CPU
		Release|Any CPU = Release|Any CPU
	EndGlobalSection
	GlobalSection(ProjectConfigurationPlatforms) = postSolution
		{534BE295-8150-4BA6-8BA8-A5334746DEBE}.Debug|Any CPU.ActiveCfg = Debug|Any CPU
		{534BE295-8150-4BA6-8BA8-A5334746DEBE}.Debug|Any CPU.Build.0 = Debug|Any CPU
		{534BE295-8150-4BA6-8BA8-A5334746DEBE}.Release|Any CPU.ActiveCfg = Release|Any CPU
		{534BE295-8150-4BA6-8BA8-A5334746DEBE}.Release|Any CPU.Build.0 = Release|Any CPU
		{B0036F3D-5FA7-40BA-B08F-55B423909D94}.Debug|Any CPU.ActiveCfg = Debug|Any CPU
		{B0036F3D-5FA7-40BA-B08F-55B423909D94}.Debug|Any CPU.Build.0 = Debug|Any CPU
		{B0036F3D-5FA7-40BA-B08F-55B423909D94}.Release|Any CPU.ActiveCfg = Release|Any CPU
		{B0036F3D-5FA7-40BA-B08F-55B423909D94}.Release|Any CPU.Build.0 = Release|Any CPU
		{E285EA6E-BD59-4050-AC77-5FA3909C54C1}.Debug|Any CPU.ActiveCfg = Debug|Any CPU
		{E285EA6E-BD59-4050-AC77-5FA3909C54C1}.Debug|Any CPU.Build.0 = Debug|Any CPU
		{E285EA6E-BD59-4050-AC77-5FA3909C54C1}.Release|Any CPU.ActiveCfg = Release|Any CPU
		{E285EA6E-BD59-4050-AC77-5FA3909C54C1}.Release|Any CPU.Build.0 = Release|Any CPU
		{D7B9A2F7-A6BA-46A9-99C8-5C9DEEDE21DF}.Debug|Any CPU.ActiveCfg = Debug|Any CPU
		{D7B9A2F7-A6BA-46A9-99C8-5C9DEEDE21DF}.Debug|Any CPU.Build.0 = Debug|Any CPU
		{D7B9A2F7-A6BA-46A9-99C8-5C9DEEDE21DF}.Release|Any CPU.ActiveCfg = Release|Any CPU
		{D7B9A2F7-A6BA-46A9-99C8-5C9DEEDE21DF}.Release|Any CPU.Build.0 = Release|Any CPU
	EndGlobalSection
	GlobalSection(SolutionProperties) = preSolution
		HideSolutionNode = FALSE
	EndGlobalSection
	GlobalSection(ExtensibilityGlobals) = postSolution
		SolutionGuid = {2B0E39CB-C93F-404D-9CE3-82BA0D8F93E3}
	EndGlobalSection
EndGlobal
