
Microsoft Visual Studio Solution File, Format Version 12.00
# Visual Studio Version 16
VisualStudioVersion = 16.0.28803.202
MinimumVisualStudioVersion = 10.0.40219.1
Project("{FAE04EC0-301F-11D3-BF4B-00C04F79EFBC}") = "Gulp", "Bundling\Gulp.csproj", "{6631B462-8214-4B07-9D7B-8070454838C3}"
EndProject
Project("{FAE04EC0-301F-11D3-BF4B-00C04F79EFBC}") = "Grunt", "Grunt\Grunt.csproj", "{F8E33213-8E04-49B1-9C9C-0C417CF1132B}"
EndProject
Global
	GlobalSection(SolutionConfigurationPlatforms) = preSolution
		Debug|Any CPU = Debug|Any CPU
		Release|Any CPU = Release|Any CPU
	EndGlobalSection
	GlobalSection(ProjectConfigurationPlatforms) = postSolution
		{6631B462-8214-4B07-9D7B-8070454838C3}.Debug|Any CPU.ActiveCfg = Debug|Any CPU
		{6631B462-8214-4B07-9D7B-8070454838C3}.Debug|Any CPU.Build.0 = Debug|Any CPU
		{6631B462-8214-4B07-9D7B-8070454838C3}.Release|Any CPU.ActiveCfg = Release|Any CPU
		{6631B462-8214-4B07-9D7B-8070454838C3}.Release|Any CPU.Build.0 = Release|Any CPU
		{F8E33213-8E04-49B1-9C9C-0C417CF1132B}.Debug|Any CPU.ActiveCfg = Debug|Any CPU
		{F8E33213-8E04-49B1-9C9C-0C417CF1132B}.Debug|Any CPU.Build.0 = Debug|Any CPU
		{F8E33213-8E04-49B1-9C9C-0C417CF1132B}.Release|Any CPU.ActiveCfg = Release|Any CPU
		{F8E33213-8E04-49B1-9C9C-0C417CF1132B}.Release|Any CPU.Build.0 = Release|Any CPU
	EndGlobalSection
	GlobalSection(SolutionProperties) = preSolution
		HideSolutionNode = FALSE
	EndGlobalSection
	GlobalSection(ExtensibilityGlobals) = postSolution
		SolutionGuid = {2C48C24F-F01B-4D62-B725-A4317EF470DB}
	EndGlobalSection
EndGlobal
