
Microsoft Visual Studio Solution File, Format Version 12.00
# Visual Studio Version 16
VisualStudioVersion = 16.0.28803.156
MinimumVisualStudioVersion = 10.0.40219.1
Project("{9A19103F-16F7-4668-BE54-9A1E7A4F7556}") = "WebApplication1", "WebApplication1\WebApplication1.csproj", "{656B2DF8-4E9D-46E9-A38B-B9553A393C11}"
EndProject
Project("{9A19103F-16F7-4668-BE54-9A1E7A4F7556}") = "AuthTrain1", "AuthTrain1\AuthTrain1.csproj", "{B756CABE-0E95-4535-93A9-98D4310F6D73}"
EndProject
Project("{9A19103F-16F7-4668-BE54-9A1E7A4F7556}") = "ConfigDefaults", "ConfigDefaults\ConfigDefaults.csproj", "{B65132D6-6AEE-410D-9B08-17E7262D8C51}"
EndProject
Project("{9A19103F-16F7-4668-BE54-9A1E7A4F7556}") = "ConfigIOptions", "ConfigIOptions\ConfigIOptions.csproj", "{D62A277A-7EDE-4CAC-B4D6-072D80D5688C}"
EndProject
Project("{9A19103F-16F7-4668-BE54-9A1E7A4F7556}") = "ConfigProvider", "ConfigProvider\ConfigProvider.csproj", "{DEEC155B-FCAC-483D-A9CF-846028E44A56}"
EndProject
Project("{9A19103F-16F7-4668-BE54-9A1E7A4F7556}") = "ConfigTrain1", "ConfigTrain1\ConfigTrain1.csproj", "{2C59C392-2B55-4EC5-829F-834C43852EF1}"
EndProject
Project("{9A19103F-16F7-4668-BE54-9A1E7A4F7556}") = "CucSesions1", "CucSesions1\CucSesions1.csproj", "{42ACD6E9-1D4F-4B30-B402-94B65AFADFF7}"
EndProject
Project("{9A19103F-16F7-4668-BE54-9A1E7A4F7556}") = "Routing1", "Routing1\Routing1.csproj", "{ECAD7F11-0763-4170-B066-13E2C70C4407}"
EndProject
Project("{9A19103F-16F7-4668-BE54-9A1E7A4F7556}") = "RoutingTrain1", "RoutingTrain1\RoutingTrain1.csproj", "{84381855-5869-43EE-AF2B-C40C2AF6B376}"
EndProject
Project("{9A19103F-16F7-4668-BE54-9A1E7A4F7556}") = "SrviceTrain1", "SrviceTrain1\SrviceTrain1.csproj", "{530D571A-5543-45B7-BF9A-B34442A071A3}"
EndProject
Project("{9A19103F-16F7-4668-BE54-9A1E7A4F7556}") = "ServiceTrain2", "ServiceTrain2\ServiceTrain2.csproj", "{1AC9186A-CB20-4CC4-BCB8-06423537BC54}"
EndProject
Project("{9A19103F-16F7-4668-BE54-9A1E7A4F7556}") = "SeviceTrain3", "SeviceTrain3\SeviceTrain3.csproj", "{23EA1ABD-F07B-4B86-A97B-942DA27BE207}"
EndProject
Project("{9A19103F-16F7-4668-BE54-9A1E7A4F7556}") = "Static", "Static\Static.csproj", "{2FCB680E-903A-4B75-8B67-8D4764781D49}"
EndProject
Project("{FAE04EC0-301F-11D3-BF4B-00C04F79EFBC}") = "AspNetCoreArena", "AspNetCoreArena\AspNetCoreArena.csproj", "{52EE3631-DC51-49BF-91ED-C10C373041F1}"
EndProject
Global
	GlobalSection(SolutionConfigurationPlatforms) = preSolution
		Debug|Any CPU = Debug|Any CPU
		Release|Any CPU = Release|Any CPU
	EndGlobalSection
	GlobalSection(ProjectConfigurationPlatforms) = postSolution
		{656B2DF8-4E9D-46E9-A38B-B9553A393C11}.Debug|Any CPU.ActiveCfg = Debug|Any CPU
		{656B2DF8-4E9D-46E9-A38B-B9553A393C11}.Debug|Any CPU.Build.0 = Debug|Any CPU
		{656B2DF8-4E9D-46E9-A38B-B9553A393C11}.Release|Any CPU.ActiveCfg = Release|Any CPU
		{656B2DF8-4E9D-46E9-A38B-B9553A393C11}.Release|Any CPU.Build.0 = Release|Any CPU
		{B756CABE-0E95-4535-93A9-98D4310F6D73}.Debug|Any CPU.ActiveCfg = Debug|Any CPU
		{B756CABE-0E95-4535-93A9-98D4310F6D73}.Debug|Any CPU.Build.0 = Debug|Any CPU
		{B756CABE-0E95-4535-93A9-98D4310F6D73}.Release|Any CPU.ActiveCfg = Release|Any CPU
		{B756CABE-0E95-4535-93A9-98D4310F6D73}.Release|Any CPU.Build.0 = Release|Any CPU
		{B65132D6-6AEE-410D-9B08-17E7262D8C51}.Debug|Any CPU.ActiveCfg = Debug|Any CPU
		{B65132D6-6AEE-410D-9B08-17E7262D8C51}.Debug|Any CPU.Build.0 = Debug|Any CPU
		{B65132D6-6AEE-410D-9B08-17E7262D8C51}.Release|Any CPU.ActiveCfg = Release|Any CPU
		{B65132D6-6AEE-410D-9B08-17E7262D8C51}.Release|Any CPU.Build.0 = Release|Any CPU
		{D62A277A-7EDE-4CAC-B4D6-072D80D5688C}.Debug|Any CPU.ActiveCfg = Debug|Any CPU
		{D62A277A-7EDE-4CAC-B4D6-072D80D5688C}.Debug|Any CPU.Build.0 = Debug|Any CPU
		{D62A277A-7EDE-4CAC-B4D6-072D80D5688C}.Release|Any CPU.ActiveCfg = Release|Any CPU
		{D62A277A-7EDE-4CAC-B4D6-072D80D5688C}.Release|Any CPU.Build.0 = Release|Any CPU
		{DEEC155B-FCAC-483D-A9CF-846028E44A56}.Debug|Any CPU.ActiveCfg = Debug|Any CPU
		{DEEC155B-FCAC-483D-A9CF-846028E44A56}.Debug|Any CPU.Build.0 = Debug|Any CPU
		{DEEC155B-FCAC-483D-A9CF-846028E44A56}.Release|Any CPU.ActiveCfg = Release|Any CPU
		{DEEC155B-FCAC-483D-A9CF-846028E44A56}.Release|Any CPU.Build.0 = Release|Any CPU
		{2C59C392-2B55-4EC5-829F-834C43852EF1}.Debug|Any CPU.ActiveCfg = Debug|Any CPU
		{2C59C392-2B55-4EC5-829F-834C43852EF1}.Debug|Any CPU.Build.0 = Debug|Any CPU
		{2C59C392-2B55-4EC5-829F-834C43852EF1}.Release|Any CPU.ActiveCfg = Release|Any CPU
		{2C59C392-2B55-4EC5-829F-834C43852EF1}.Release|Any CPU.Build.0 = Release|Any CPU
		{42ACD6E9-1D4F-4B30-B402-94B65AFADFF7}.Debug|Any CPU.ActiveCfg = Debug|Any CPU
		{42ACD6E9-1D4F-4B30-B402-94B65AFADFF7}.Debug|Any CPU.Build.0 = Debug|Any CPU
		{42ACD6E9-1D4F-4B30-B402-94B65AFADFF7}.Release|Any CPU.ActiveCfg = Release|Any CPU
		{42ACD6E9-1D4F-4B30-B402-94B65AFADFF7}.Release|Any CPU.Build.0 = Release|Any CPU
		{ECAD7F11-0763-4170-B066-13E2C70C4407}.Debug|Any CPU.ActiveCfg = Debug|Any CPU
		{ECAD7F11-0763-4170-B066-13E2C70C4407}.Debug|Any CPU.Build.0 = Debug|Any CPU
		{ECAD7F11-0763-4170-B066-13E2C70C4407}.Release|Any CPU.ActiveCfg = Release|Any CPU
		{ECAD7F11-0763-4170-B066-13E2C70C4407}.Release|Any CPU.Build.0 = Release|Any CPU
		{84381855-5869-43EE-AF2B-C40C2AF6B376}.Debug|Any CPU.ActiveCfg = Debug|Any CPU
		{84381855-5869-43EE-AF2B-C40C2AF6B376}.Debug|Any CPU.Build.0 = Debug|Any CPU
		{84381855-5869-43EE-AF2B-C40C2AF6B376}.Release|Any CPU.ActiveCfg = Release|Any CPU
		{84381855-5869-43EE-AF2B-C40C2AF6B376}.Release|Any CPU.Build.0 = Release|Any CPU
		{530D571A-5543-45B7-BF9A-B34442A071A3}.Debug|Any CPU.ActiveCfg = Debug|Any CPU
		{530D571A-5543-45B7-BF9A-B34442A071A3}.Debug|Any CPU.Build.0 = Debug|Any CPU
		{530D571A-5543-45B7-BF9A-B34442A071A3}.Release|Any CPU.ActiveCfg = Release|Any CPU
		{530D571A-5543-45B7-BF9A-B34442A071A3}.Release|Any CPU.Build.0 = Release|Any CPU
		{1AC9186A-CB20-4CC4-BCB8-06423537BC54}.Debug|Any CPU.ActiveCfg = Debug|Any CPU
		{1AC9186A-CB20-4CC4-BCB8-06423537BC54}.Debug|Any CPU.Build.0 = Debug|Any CPU
		{1AC9186A-CB20-4CC4-BCB8-06423537BC54}.Release|Any CPU.ActiveCfg = Release|Any CPU
		{1AC9186A-CB20-4CC4-BCB8-06423537BC54}.Release|Any CPU.Build.0 = Release|Any CPU
		{23EA1ABD-F07B-4B86-A97B-942DA27BE207}.Debug|Any CPU.ActiveCfg = Debug|Any CPU
		{23EA1ABD-F07B-4B86-A97B-942DA27BE207}.Debug|Any CPU.Build.0 = Debug|Any CPU
		{23EA1ABD-F07B-4B86-A97B-942DA27BE207}.Release|Any CPU.ActiveCfg = Release|Any CPU
		{23EA1ABD-F07B-4B86-A97B-942DA27BE207}.Release|Any CPU.Build.0 = Release|Any CPU
		{2FCB680E-903A-4B75-8B67-8D4764781D49}.Debug|Any CPU.ActiveCfg = Debug|Any CPU
		{2FCB680E-903A-4B75-8B67-8D4764781D49}.Debug|Any CPU.Build.0 = Debug|Any CPU
		{2FCB680E-903A-4B75-8B67-8D4764781D49}.Release|Any CPU.ActiveCfg = Release|Any CPU
		{2FCB680E-903A-4B75-8B67-8D4764781D49}.Release|Any CPU.Build.0 = Release|Any CPU
		{52EE3631-DC51-49BF-91ED-C10C373041F1}.Debug|Any CPU.ActiveCfg = Debug|Any CPU
		{52EE3631-DC51-49BF-91ED-C10C373041F1}.Debug|Any CPU.Build.0 = Debug|Any CPU
		{52EE3631-DC51-49BF-91ED-C10C373041F1}.Release|Any CPU.ActiveCfg = Release|Any CPU
		{52EE3631-DC51-49BF-91ED-C10C373041F1}.Release|Any CPU.Build.0 = Release|Any CPU
	EndGlobalSection
	GlobalSection(SolutionProperties) = preSolution
		HideSolutionNode = FALSE
	EndGlobalSection
	GlobalSection(ExtensibilityGlobals) = postSolution
		SolutionGuid = {8EBCF784-CBD1-449B-B64C-48BF89D6A431}
	EndGlobalSection
EndGlobal
