
Microsoft Visual Studio Solution File, Format Version 12.00
# Visual Studio 15
VisualStudioVersion = 15.0.28307.489
MinimumVisualStudioVersion = 10.0.40219.1
Project("{FAE04EC0-301F-11D3-BF4B-00C04F79EFBC}") = "Deploys", "Deploys\Deploys.csproj", "{A9BC67F8-7872-420F-A892-09B89B8FA34D}"
EndProject
Global
	GlobalSection(SolutionConfigurationPlatforms) = preSolution
		Debug|Any CPU = Debug|Any CPU
		Release|Any CPU = Release|Any CPU
	EndGlobalSection
	GlobalSection(ProjectConfigurationPlatforms) = postSolution
		{A9BC67F8-7872-420F-A892-09B89B8FA34D}.Debug|Any CPU.ActiveCfg = Debug|Any CPU
		{A9BC67F8-7872-420F-A892-09B89B8FA34D}.Debug|Any CPU.Build.0 = Debug|Any CPU
		{A9BC67F8-7872-420F-A892-09B89B8FA34D}.Release|Any CPU.ActiveCfg = Release|Any CPU
		{A9BC67F8-7872-420F-A892-09B89B8FA34D}.Release|Any CPU.Build.0 = Release|Any CPU
	EndGlobalSection
	GlobalSection(SolutionProperties) = preSolution
		HideSolutionNode = FALSE
	EndGlobalSection
	GlobalSection(ExtensibilityGlobals) = postSolution
		SolutionGuid = {256E3005-4B90-477E-9516-2BC3B8ED99F5}
	EndGlobalSection
EndGlobal
